{
    "_meta": {
        "hash": {
            "sha256": "ae415c944f5b65c41088dd1820f8b503e6f3b43fcfe055f7acf738b7d87ad5ee"
        },
        "pipfile-spec": 6,
        "requires": {
            "python_version": "3.10"
        },
        "sources": [
            {
                "name": "pypi",
                "url": "https://pypi.org/simple",
                "verify_ssl": true
            }
        ]
    },
    "default": {
        "attrs": {
            "hashes": [
                "sha256:2d27e3784d7a565d36ab851fe94887c5eccd6a463168875832a1be79c82828b4",
                "sha256:626ba8234211db98e869df76230a137c4c40a12d72445c45d5f5b716f076e2fd"
            ],
            "markers": "python_version >= '2.7' and python_version not in '3.0, 3.1, 3.2, 3.3, 3.4'",
            "version": "==21.4.0"
        },
        "jsonlines": {
            "hashes": [
                "sha256:15f93e1817162c85bc268c7428952beec4fc4a41f118abf891c4bedf5653624f",
                "sha256:72c8ca6c056906d6acb058dd5fdd5e072a58b9c6753ce0c9ec6f2b0a1853eba4"
            ],
            "index": "pypi",
            "version": "==3.0.0"
        }
    },
    "develop": {}
}
